
Microsoft Visual Studio Solution File, Format Version 12.00
# Visual Studio Version 17
VisualStudioVersion = 17.14.36518.9 d17.14
MinimumVisualStudioVersion = 10.0.40219.1
Project("{FAE04EC0-301F-11D3-BF4B-00C04F79EFBC}") = "RST2-Programiranje-Vaje_25-26", "RST2-Programiranje-Vaje_25-26\RST2-Programiranje-Vaje_25-26.csproj", "{C50AC194-1D94-4D8F-8159-A658796C98C0}"
EndProject
Global
	GlobalSection(SolutionConfigurationPlatforms) = preSolution
		Debug|Any CPU = Debug|Any CPU
		Release|Any CPU = Release|Any CPU
	EndGlobalSection
	GlobalSection(ProjectConfigurationPlatforms) = postSolution
		{C50AC194-1D94-4D8F-8159-A658796C98C0}.Debug|Any CPU.ActiveCfg = Debug|Any CPU
		{C50AC194-1D94-4D8F-8159-A658796C98C0}.Debug|Any CPU.Build.0 = Debug|Any CPU
		{C50AC194-1D94-4D8F-8159-A658796C98C0}.Release|Any CPU.ActiveCfg = Release|Any CPU
		{C50AC194-1D94-4D8F-8159-A658796C98C0}.Release|Any CPU.Build.0 = Release|Any CPU
	EndGlobalSection
	GlobalSection(SolutionProperties) = preSolution
		HideSolutionNode = FALSE
	EndGlobalSection
	GlobalSection(ExtensibilityGlobals) = postSolution
		SolutionGuid = {D05CD7F9-B362-46D4-81E9-2A7EC391B400}
	EndGlobalSection
EndGlobal
